Microsoft Visual Studio Solution File, Format Version 12.00
# Visual Studio Version 17
VisualStudioVersion = 17.5.2.0
MinimumVisualStudioVersion = 10.0.40219.1
Project("{FAE04EC0-301F-11D3-BF4B-00C04F79EFBC}") = "CalculateProject", "CalculateProject.csproj", "{BABBEF49-8D07-1B97-E7E2-547B64C13841}"
EndProject
Global
	GlobalSection(SolutionConfigurationPlatforms) = preSolution
		Debug|Any CPU = Debug|Any CPU
		Release|Any CPU = Release|Any CPU
	EndGlobalSection
	GlobalSection(ProjectConfigurationPlatforms) = postSolution
		{BABBEF49-8D07-1B97-E7E2-547B64C13841}.Debug|Any CPU.ActiveCfg = Debug|Any CPU
		{BABBEF49-8D07-1B97-E7E2-547B64C13841}.Debug|Any CPU.Build.0 = Debug|Any CPU
		{BABBEF49-8D07-1B97-E7E2-547B64C13841}.Release|Any CPU.ActiveCfg = Release|Any CPU
		{BABBEF49-8D07-1B97-E7E2-547B64C13841}.Release|Any CPU.Build.0 = Release|Any CPU
	EndGlobalSection
	GlobalSection(SolutionProperties) = preSolution
		HideSolutionNode = FALSE
	EndGlobalSection
	GlobalSection(ExtensibilityGlobals) = postSolution
		SolutionGuid = {248B7FF6-F711-4311-847D-3DD30185D451}
	EndGlobalSection
EndGlobal
